
Microsoft Visual Studio Solution File, Format Version 12.00
# Visual Studio Version 17
VisualStudioVersion = 17.8.34601.278
MinimumVisualStudioVersion = 10.0.40219.1
Project("{FAE04EC0-301F-11D3-BF4B-00C04F79EFBC}") = "uso char y string", "uso char y string\uso char y string.csproj", "{5B044A6C-7F2A-49DF-8F37-06153053C424}"
EndProject
Global
	GlobalSection(SolutionConfigurationPlatforms) = preSolution
		Debug|Any CPU = Debug|Any CPU
		Release|Any CPU = Release|Any CPU
	EndGlobalSection
	GlobalSection(ProjectConfigurationPlatforms) = postSolution
		{5B044A6C-7F2A-49DF-8F37-06153053C424}.Debug|Any CPU.ActiveCfg = Debug|Any CPU
		{5B044A6C-7F2A-49DF-8F37-06153053C424}.Debug|Any CPU.Build.0 = Debug|Any CPU
		{5B044A6C-7F2A-49DF-8F37-06153053C424}.Release|Any CPU.ActiveCfg = Release|Any CPU
		{5B044A6C-7F2A-49DF-8F37-06153053C424}.Release|Any CPU.Build.0 = Release|Any CPU
	EndGlobalSection
	GlobalSection(SolutionProperties) = preSolution
		HideSolutionNode = FALSE
	EndGlobalSection
	GlobalSection(ExtensibilityGlobals) = postSolution
		SolutionGuid = {EE4C15E8-5217-4B84-B5B4-7A9316F43EE8}
	EndGlobalSection
EndGlobal
